
Microsoft Visual Studio Solution File, Format Version 12.00
Project("{F2A71F9B-5D33-465A-A702-920D77279786}") = "Forecaster", "Forecaster\Forecaster.fsproj", "{8862A094-219F-4542-A119-14A180168AC2}"
EndProject
Project("{F2A71F9B-5D33-465A-A702-920D77279786}") = "Forecaster.Tests", "Forecaster.Tests\Forecaster.Tests.fsproj", "{0C1D51E7-221E-44EA-8C6E-533964D27163}"
EndProject
Global
	GlobalSection(SolutionConfigurationPlatforms) = preSolution
		Debug|Any CPU = Debug|Any CPU
		Release|Any CPU = Release|Any CPU
	EndGlobalSection
	GlobalSection(ProjectConfigurationPlatforms) = postSolution
		{8862A094-219F-4542-A119-14A180168AC2}.Debug|Any CPU.ActiveCfg = Debug|Any CPU
		{8862A094-219F-4542-A119-14A180168AC2}.Debug|Any CPU.Build.0 = Debug|Any CPU
		{8862A094-219F-4542-A119-14A180168AC2}.Release|Any CPU.ActiveCfg = Release|Any CPU
		{8862A094-219F-4542-A119-14A180168AC2}.Release|Any CPU.Build.0 = Release|Any CPU
		{0C1D51E7-221E-44EA-8C6E-533964D27163}.Debug|Any CPU.ActiveCfg = Debug|Any CPU
		{0C1D51E7-221E-44EA-8C6E-533964D27163}.Debug|Any CPU.Build.0 = Debug|Any CPU
		{0C1D51E7-221E-44EA-8C6E-533964D27163}.Release|Any CPU.ActiveCfg = Release|Any CPU
		{0C1D51E7-221E-44EA-8C6E-533964D27163}.Release|Any CPU.Build.0 = Release|Any CPU
	EndGlobalSection
EndGlobal
